PODS:
  - Alamofire (4.5.1)
  - SwiftyJSON (3.1.4)

DEPENDENCIES:
  - Alamofire
  - SwiftyJSON

SPEC CHECKSUMS:
  Alamofire: 2d95912bf4c34f164fdfc335872e8c312acaea4a
  SwiftyJSON: c2842d878f95482ffceec5709abc3d05680c0220

PODFILE CHECKSUM: b3638af8c5e8eb899ae13661fdb3ddf5f819ef43

COCOAPODS: 1.4.0.beta.2
